
Microsoft Visual Studio Solution File, Format Version 12.00
# Visual Studio Version 17
VisualStudioVersion = 17.5.002.0
MinimumVisualStudioVersion = 10.0.40219.1
Project("{9A19103F-16F7-4668-BE54-9A1E7A4F7556}") = "DesafioPOO", "DesafioPOO.csproj", "{BAA34AE9-86AD-4EB7-B2FD-330535218D29}"
EndProject
Global
	GlobalSection(SolutionConfigurationPlatforms) = preSolution
		Debug|Any CPU = Debug|Any CPU
		Release|Any CPU = Release|Any CPU
	EndGlobalSection
	GlobalSection(ProjectConfigurationPlatforms) = postSolution
		{BAA34AE9-86AD-4EB7-B2FD-330535218D29}.Debug|Any CPU.ActiveCfg = Debug|Any CPU
		{BAA34AE9-86AD-4EB7-B2FD-330535218D29}.Debug|Any CPU.Build.0 = Debug|Any CPU
		{BAA34AE9-86AD-4EB7-B2FD-330535218D29}.Release|Any CPU.ActiveCfg = Release|Any CPU
		{BAA34AE9-86AD-4EB7-B2FD-330535218D29}.Release|Any CPU.Build.0 = Release|Any CPU
	EndGlobalSection
	GlobalSection(SolutionProperties) = preSolution
		HideSolutionNode = FALSE
	EndGlobalSection
	GlobalSection(ExtensibilityGlobals) = postSolution
		SolutionGuid = {7211F53B-80B2-4455-9D17-8C5C1D822D62}
	EndGlobalSection
EndGlobal
